
Microsoft Visual Studio Solution File, Format Version 12.00
# Visual Studio Version 17
VisualStudioVersion = 17.0.31903.59
MinimumVisualStudioVersion = 10.0.40219.1
Project("{FAE04EC0-301F-11D3-BF4B-00C04F79EFBC}") = "YCloud.Mobile.Android", "YCloud.Mobile\YCloud.Mobile.Android\YCloud.Mobile.Android.csproj", "{DFA3DFC3-6083-4E6F-99D7-FF0BD0BAD1F7}"
EndProject
Project("{FAE04EC0-301F-11D3-BF4B-00C04F79EFBC}") = "YCloud.Mobile.iOS", "YCloud.Mobile\YCloud.Mobile.iOS\YCloud.Mobile.iOS.csproj", "{5D77F305-3EF1-4A38-9507-D6B7B1C332D5}"
EndProject
Project("{9A19103F-16F7-4668-BE54-9A1E7A4F7556}") = "YCloud.Mobile", "YCloud.Mobile\YCloud.Mobile\YCloud.Mobile.csproj", "{A2C428B3-3729-4F5A-8C89-31B4350138C3}"
EndProject
Project("{9A19103F-16F7-4668-BE54-9A1E7A4F7556}") = "YCloud.Mobile.Application", "YCloud.Mobile.Application\YCloud.Mobile.Application.csproj", "{BBD43246-F8D2-4A0A-994C-C1F7190E2116}"
EndProject
Project("{9A19103F-16F7-4668-BE54-9A1E7A4F7556}") = "YCloud.Mobile.Initialization", "YCloud.Mobile.Android.Initialization\YCloud.Mobile.Initialization.csproj", "{77B5A402-07B7-4713-AB0B-8CAB3948E226}"
EndProject
Project("{9A19103F-16F7-4668-BE54-9A1E7A4F7556}") = "YCloud.Mobile.Authentication", "YCloud.Mobile.Authentication\YCloud.Mobile.Authentication.csproj", "{03351163-ACF8-4378-84B0-F2479E44AE46}"
EndProject
Project("{9A19103F-16F7-4668-BE54-9A1E7A4F7556}") = "YCloud.Mobile.Navigation", "YCloud.Mobile.Navigation\YCloud.Mobile.Navigation.csproj", "{B2D343F9-7747-4DB1-A241-C9B3CAC39C24}"
EndProject
Project("{FAE04EC0-301F-11D3-BF4B-00C04F79EFBC}") = "YCloud.Mobile.Data", "YCloud.Mobile.Data\YCloud.Mobile.Data.csproj", "{24BF4719-1AD8-41E6-AF89-6728D8AF378E}"
EndProject
Global
	GlobalSection(SolutionConfigurationPlatforms) = preSolution
		Debug|Any CPU = Debug|Any CPU
		Debug|iPhone = Debug|iPhone
		Debug|iPhoneSimulator = Debug|iPhoneSimulator
		Release|Any CPU = Release|Any CPU
		Release|iPhone = Release|iPhone
		Release|iPhoneSimulator = Release|iPhoneSimulator
	EndGlobalSection
	GlobalSection(ProjectConfigurationPlatforms) = postSolution
		{DFA3DFC3-6083-4E6F-99D7-FF0BD0BAD1F7}.Debug|Any CPU.ActiveCfg = Debug|Any CPU
		{DFA3DFC3-6083-4E6F-99D7-FF0BD0BAD1F7}.Debug|Any CPU.Build.0 = Debug|Any CPU
		{DFA3DFC3-6083-4E6F-99D7-FF0BD0BAD1F7}.Debug|Any CPU.Deploy.0 = Debug|Any CPU
		{DFA3DFC3-6083-4E6F-99D7-FF0BD0BAD1F7}.Debug|iPhone.ActiveCfg = Debug|Any CPU
		{DFA3DFC3-6083-4E6F-99D7-FF0BD0BAD1F7}.Debug|iPhone.Build.0 = Debug|Any CPU
		{DFA3DFC3-6083-4E6F-99D7-FF0BD0BAD1F7}.Debug|iPhone.Deploy.0 = Debug|Any CPU
		{DFA3DFC3-6083-4E6F-99D7-FF0BD0BAD1F7}.Debug|iPhoneSimulator.ActiveCfg = Debug|Any CPU
		{DFA3DFC3-6083-4E6F-99D7-FF0BD0BAD1F7}.Debug|iPhoneSimulator.Build.0 = Debug|Any CPU
		{DFA3DFC3-6083-4E6F-99D7-FF0BD0BAD1F7}.Debug|iPhoneSimulator.Deploy.0 = Debug|Any CPU
		{DFA3DFC3-6083-4E6F-99D7-FF0BD0BAD1F7}.Release|Any CPU.ActiveCfg = Release|Any CPU
		{DFA3DFC3-6083-4E6F-99D7-FF0BD0BAD1F7}.Release|Any CPU.Build.0 = Release|Any CPU
		{DFA3DFC3-6083-4E6F-99D7-FF0BD0BAD1F7}.Release|Any CPU.Deploy.0 = Release|Any CPU
		{DFA3DFC3-6083-4E6F-99D7-FF0BD0BAD1F7}.Release|iPhone.ActiveCfg = Release|Any CPU
		{DFA3DFC3-6083-4E6F-99D7-FF0BD0BAD1F7}.Release|iPhone.Build.0 = Release|Any CPU
		{DFA3DFC3-6083-4E6F-99D7-FF0BD0BAD1F7}.Release|iPhone.Deploy.0 = Release|Any CPU
		{DFA3DFC3-6083-4E6F-99D7-FF0BD0BAD1F7}.Release|iPhoneSimulator.ActiveCfg = Release|Any CPU
		{DFA3DFC3-6083-4E6F-99D7-FF0BD0BAD1F7}.Release|iPhoneSimulator.Build.0 = Release|Any CPU
		{DFA3DFC3-6083-4E6F-99D7-FF0BD0BAD1F7}.Release|iPhoneSimulator.Deploy.0 = Release|Any CPU
		{5D77F305-3EF1-4A38-9507-D6B7B1C332D5}.Debug|Any CPU.ActiveCfg = Debug|iPhone
		{5D77F305-3EF1-4A38-9507-D6B7B1C332D5}.Debug|Any CPU.Build.0 = Debug|iPhone
		{5D77F305-3EF1-4A38-9507-D6B7B1C332D5}.Debug|Any CPU.Deploy.0 = Debug|iPhone
		{5D77F305-3EF1-4A38-9507-D6B7B1C332D5}.Debug|iPhone.ActiveCfg = Debug|iPhone
		{5D77F305-3EF1-4A38-9507-D6B7B1C332D5}.Debug|iPhone.Build.0 = Debug|iPhone
		{5D77F305-3EF1-4A38-9507-D6B7B1C332D5}.Debug|iPhone.Deploy.0 = Debug|iPhone
		{5D77F305-3EF1-4A38-9507-D6B7B1C332D5}.Debug|iPhoneSimulator.ActiveCfg = Debug|iPhoneSimulator
		{5D77F305-3EF1-4A38-9507-D6B7B1C332D5}.Debug|iPhoneSimulator.Build.0 = Debug|iPhoneSimulator
		{5D77F305-3EF1-4A38-9507-D6B7B1C332D5}.Debug|iPhoneSimulator.Deploy.0 = Debug|iPhoneSimulator
		{5D77F305-3EF1-4A38-9507-D6B7B1C332D5}.Release|Any CPU.ActiveCfg = Release|iPhoneSimulator
		{5D77F305-3EF1-4A38-9507-D6B7B1C332D5}.Release|Any CPU.Build.0 = Release|iPhoneSimulator
		{5D77F305-3EF1-4A38-9507-D6B7B1C332D5}.Release|Any CPU.Deploy.0 = Release|iPhoneSimulator
		{5D77F305-3EF1-4A38-9507-D6B7B1C332D5}.Release|iPhone.ActiveCfg = Release|iPhone
		{5D77F305-3EF1-4A38-9507-D6B7B1C332D5}.Release|iPhone.Build.0 = Release|iPhone
		{5D77F305-3EF1-4A38-9507-D6B7B1C332D5}.Release|iPhone.Deploy.0 = Release|iPhone
		{5D77F305-3EF1-4A38-9507-D6B7B1C332D5}.Release|iPhoneSimulator.ActiveCfg = Release|iPhoneSimulator
		{5D77F305-3EF1-4A38-9507-D6B7B1C332D5}.Release|iPhoneSimulator.Build.0 = Release|iPhoneSimulator
		{5D77F305-3EF1-4A38-9507-D6B7B1C332D5}.Release|iPhoneSimulator.Deploy.0 = Release|iPhoneSimulator
		{A2C428B3-3729-4F5A-8C89-31B4350138C3}.Debug|Any CPU.ActiveCfg = Debug|Any CPU
		{A2C428B3-3729-4F5A-8C89-31B4350138C3}.Debug|Any CPU.Build.0 = Debug|Any CPU
		{A2C428B3-3729-4F5A-8C89-31B4350138C3}.Debug|Any CPU.Deploy.0 = Debug|Any CPU
		{A2C428B3-3729-4F5A-8C89-31B4350138C3}.Debug|iPhone.ActiveCfg = Debug|Any CPU
		{A2C428B3-3729-4F5A-8C89-31B4350138C3}.Debug|iPhone.Build.0 = Debug|Any CPU
		{A2C428B3-3729-4F5A-8C89-31B4350138C3}.Debug|iPhone.Deploy.0 = Debug|Any CPU
		{A2C428B3-3729-4F5A-8C89-31B4350138C3}.Debug|iPhoneSimulator.ActiveCfg = Debug|Any CPU
		{A2C428B3-3729-4F5A-8C89-31B4350138C3}.Debug|iPhoneSimulator.Build.0 = Debug|Any CPU
		{A2C428B3-3729-4F5A-8C89-31B4350138C3}.Debug|iPhoneSimulator.Deploy.0 = Debug|Any CPU
		{A2C428B3-3729-4F5A-8C89-31B4350138C3}.Release|Any CPU.ActiveCfg = Release|Any CPU
		{A2C428B3-3729-4F5A-8C89-31B4350138C3}.Release|Any CPU.Build.0 = Release|Any CPU
		{A2C428B3-3729-4F5A-8C89-31B4350138C3}.Release|Any CPU.Deploy.0 = Release|Any CPU
		{A2C428B3-3729-4F5A-8C89-31B4350138C3}.Release|iPhone.ActiveCfg = Release|Any CPU
		{A2C428B3-3729-4F5A-8C89-31B4350138C3}.Release|iPhone.Build.0 = Release|Any CPU
		{A2C428B3-3729-4F5A-8C89-31B4350138C3}.Release|iPhone.Deploy.0 = Release|Any CPU
		{A2C428B3-3729-4F5A-8C89-31B4350138C3}.Release|iPhoneSimulator.ActiveCfg = Release|Any CPU
		{A2C428B3-3729-4F5A-8C89-31B4350138C3}.Release|iPhoneSimulator.Build.0 = Release|Any CPU
		{A2C428B3-3729-4F5A-8C89-31B4350138C3}.Release|iPhoneSimulator.Deploy.0 = Release|Any CPU
		{BBD43246-F8D2-4A0A-994C-C1F7190E2116}.Debug|Any CPU.ActiveCfg = Debug|Any CPU
		{BBD43246-F8D2-4A0A-994C-C1F7190E2116}.Debug|Any CPU.Build.0 = Debug|Any CPU
		{BBD43246-F8D2-4A0A-994C-C1F7190E2116}.Debug|iPhone.ActiveCfg = Debug|Any CPU
		{BBD43246-F8D2-4A0A-994C-C1F7190E2116}.Debug|iPhone.Build.0 = Debug|Any CPU
		{BBD43246-F8D2-4A0A-994C-C1F7190E2116}.Debug|iPhoneSimulator.ActiveCfg = Debug|Any CPU
		{BBD43246-F8D2-4A0A-994C-C1F7190E2116}.Debug|iPhoneSimulator.Build.0 = Debug|Any CPU
		{BBD43246-F8D2-4A0A-994C-C1F7190E2116}.Release|Any CPU.ActiveCfg = Release|Any CPU
		{BBD43246-F8D2-4A0A-994C-C1F7190E2116}.Release|Any CPU.Build.0 = Release|Any CPU
		{BBD43246-F8D2-4A0A-994C-C1F7190E2116}.Release|iPhone.ActiveCfg = Release|Any CPU
		{BBD43246-F8D2-4A0A-994C-C1F7190E2116}.Release|iPhone.Build.0 = Release|Any CPU
		{BBD43246-F8D2-4A0A-994C-C1F7190E2116}.Release|iPhoneSimulator.ActiveCfg = Release|Any CPU
		{BBD43246-F8D2-4A0A-994C-C1F7190E2116}.Release|iPhoneSimulator.Build.0 = Release|Any CPU
		{77B5A402-07B7-4713-AB0B-8CAB3948E226}.Debug|Any CPU.ActiveCfg = Debug|Any CPU
		{77B5A402-07B7-4713-AB0B-8CAB3948E226}.Debug|Any CPU.Build.0 = Debug|Any CPU
		{77B5A402-07B7-4713-AB0B-8CAB3948E226}.Debug|iPhone.ActiveCfg = Debug|Any CPU
		{77B5A402-07B7-4713-AB0B-8CAB3948E226}.Debug|iPhone.Build.0 = Debug|Any CPU
		{77B5A402-07B7-4713-AB0B-8CAB3948E226}.Debug|iPhoneSimulator.ActiveCfg = Debug|Any CPU
		{77B5A402-07B7-4713-AB0B-8CAB3948E226}.Debug|iPhoneSimulator.Build.0 = Debug|Any CPU
		{77B5A402-07B7-4713-AB0B-8CAB3948E226}.Release|Any CPU.ActiveCfg = Release|Any CPU
		{77B5A402-07B7-4713-AB0B-8CAB3948E226}.Release|Any CPU.Build.0 = Release|Any CPU
		{77B5A402-07B7-4713-AB0B-8CAB3948E226}.Release|iPhone.ActiveCfg = Release|Any CPU
		{77B5A402-07B7-4713-AB0B-8CAB3948E226}.Release|iPhone.Build.0 = Release|Any CPU
		{77B5A402-07B7-4713-AB0B-8CAB3948E226}.Release|iPhoneSimulator.ActiveCfg = Release|Any CPU
		{77B5A402-07B7-4713-AB0B-8CAB3948E226}.Release|iPhoneSimulator.Build.0 = Release|Any CPU
		{03351163-ACF8-4378-84B0-F2479E44AE46}.Debug|Any CPU.ActiveCfg = Debug|Any CPU
		{03351163-ACF8-4378-84B0-F2479E44AE46}.Debug|Any CPU.Build.0 = Debug|Any CPU
		{03351163-ACF8-4378-84B0-F2479E44AE46}.Debug|iPhone.ActiveCfg = Debug|Any CPU
		{03351163-ACF8-4378-84B0-F2479E44AE46}.Debug|iPhone.Build.0 = Debug|Any CPU
		{03351163-ACF8-4378-84B0-F2479E44AE46}.Debug|iPhoneSimulator.ActiveCfg = Debug|Any CPU
		{03351163-ACF8-4378-84B0-F2479E44AE46}.Debug|iPhoneSimulator.Build.0 = Debug|Any CPU
		{03351163-ACF8-4378-84B0-F2479E44AE46}.Release|Any CPU.ActiveCfg = Release|Any CPU
		{03351163-ACF8-4378-84B0-F2479E44AE46}.Release|Any CPU.Build.0 = Release|Any CPU
		{03351163-ACF8-4378-84B0-F2479E44AE46}.Release|iPhone.ActiveCfg = Release|Any CPU
		{03351163-ACF8-4378-84B0-F2479E44AE46}.Release|iPhone.Build.0 = Release|Any CPU
		{03351163-ACF8-4378-84B0-F2479E44AE46}.Release|iPhoneSimulator.ActiveCfg = Release|Any CPU
		{03351163-ACF8-4378-84B0-F2479E44AE46}.Release|iPhoneSimulator.Build.0 = Release|Any CPU
		{B2D343F9-7747-4DB1-A241-C9B3CAC39C24}.Debug|Any CPU.ActiveCfg = Debug|Any CPU
		{B2D343F9-7747-4DB1-A241-C9B3CAC39C24}.Debug|Any CPU.Build.0 = Debug|Any CPU
		{B2D343F9-7747-4DB1-A241-C9B3CAC39C24}.Debug|iPhone.ActiveCfg = Debug|Any CPU
		{B2D343F9-7747-4DB1-A241-C9B3CAC39C24}.Debug|iPhone.Build.0 = Debug|Any CPU
		{B2D343F9-7747-4DB1-A241-C9B3CAC39C24}.Debug|iPhoneSimulator.ActiveCfg = Debug|Any CPU
		{B2D343F9-7747-4DB1-A241-C9B3CAC39C24}.Debug|iPhoneSimulator.Build.0 = Debug|Any CPU
		{B2D343F9-7747-4DB1-A241-C9B3CAC39C24}.Release|Any CPU.ActiveCfg = Release|Any CPU
		{B2D343F9-7747-4DB1-A241-C9B3CAC39C24}.Release|Any CPU.Build.0 = Release|Any CPU
		{B2D343F9-7747-4DB1-A241-C9B3CAC39C24}.Release|iPhone.ActiveCfg = Release|Any CPU
		{B2D343F9-7747-4DB1-A241-C9B3CAC39C24}.Release|iPhone.Build.0 = Release|Any CPU
		{B2D343F9-7747-4DB1-A241-C9B3CAC39C24}.Release|iPhoneSimulator.ActiveCfg = Release|Any CPU
		{B2D343F9-7747-4DB1-A241-C9B3CAC39C24}.Release|iPhoneSimulator.Build.0 = Release|Any CPU
		{24BF4719-1AD8-41E6-AF89-6728D8AF378E}.Debug|Any CPU.ActiveCfg = Debug|Any CPU
		{24BF4719-1AD8-41E6-AF89-6728D8AF378E}.Debug|Any CPU.Build.0 = Debug|Any CPU
		{24BF4719-1AD8-41E6-AF89-6728D8AF378E}.Debug|iPhone.ActiveCfg = Debug|Any CPU
		{24BF4719-1AD8-41E6-AF89-6728D8AF378E}.Debug|iPhone.Build.0 = Debug|Any CPU
		{24BF4719-1AD8-41E6-AF89-6728D8AF378E}.Debug|iPhoneSimulator.ActiveCfg = Debug|Any CPU
		{24BF4719-1AD8-41E6-AF89-6728D8AF378E}.Debug|iPhoneSimulator.Build.0 = Debug|Any CPU
		{24BF4719-1AD8-41E6-AF89-6728D8AF378E}.Release|Any CPU.ActiveCfg = Release|Any CPU
		{24BF4719-1AD8-41E6-AF89-6728D8AF378E}.Release|Any CPU.Build.0 = Release|Any CPU
		{24BF4719-1AD8-41E6-AF89-6728D8AF378E}.Release|iPhone.ActiveCfg = Release|Any CPU
		{24BF4719-1AD8-41E6-AF89-6728D8AF378E}.Release|iPhone.Build.0 = Release|Any CPU
		{24BF4719-1AD8-41E6-AF89-6728D8AF378E}.Release|iPhoneSimulator.ActiveCfg = Release|Any CPU
		{24BF4719-1AD8-41E6-AF89-6728D8AF378E}.Release|iPhoneSimulator.Build.0 = Release|Any CPU
	EndGlobalSection
	GlobalSection(SolutionProperties) = preSolution
		HideSolutionNode = FALSE
	EndGlobalSection
	GlobalSection(ExtensibilityGlobals) = postSolution
		SolutionGuid = {B2EEA7F9-6C07-49BD-9FC9-639B5DCE1D00}
	EndGlobalSection
EndGlobal
